// !$*UTF8*$!
{
	archiveVersion = 1;
	classes = {
	};
	objectVersion = 48;
	objects = {

/* Begin PBXBuildFile section */
		EA7B2F0B2092BA6A00FAB7D1 /* AppDelegate.m in Sources */ = {isa = PBXBuildFile; fileRef = EA7B2F0A2092BA6A00FAB7D1 /* AppDelegate.m */; };
		EA7B2F0E2092BA6A00FAB7D1 /* ViewController.m in Sources */ = {isa = PBXBuildFile; fileRef = EA7B2F0D2092BA6A00FAB7D1 /* ViewController.m */; };
		EA7B2F112092BA6A00FAB7D1 /* Main.storyboard in Resources */ = {isa = PBXBuildFile; fileRef = EA7B2F0F2092BA6A00FAB7D1 /* Main.storyboard */; };
		EA7B2F132092BA6A00FAB7D1 /* Assets.xcassets in Resources */ = {isa = PBXBuildFile; fileRef = EA7B2F122092BA6A00FAB7D1 /* Assets.xcassets */; };
		EA7B2F162092BA6A00FAB7D1 /* LaunchScreen.storyboard in Resources */ = {isa = PBXBuildFile; fileRef = EA7B2F142092BA6A00FAB7D1 /* LaunchScreen.storyboard */; };
		EA7B2F192092BA6A00FAB7D1 /* main.m in Sources */ = {isa = PBXBuildFile; fileRef = EA7B2F182092BA6A00FAB7D1 /* main.m */; };
		EA7B2F232092BA6A00FAB7D1 /* PYHCodeTestTests.m in Sources */ = {isa = PBXBuildFile; fileRef = EA7B2F222092BA6A00FAB7D1 /* PYHCodeTestTests.m */; };
		EA7B2F2E2092BA6A00FAB7D1 /* PYHCodeTestUITests.m in Sources */ = {isa = PBXBuildFile; fileRef = EA7B2F2D2092BA6A00FAB7D1 /* PYHCodeTestUITests.m */; };
		EA7B2F3D2092BA7B00FAB7D1 /* PYHCodeModel.m in Sources */ = {isa = PBXBuildFile; fileRef = EA7B2F3C2092BA7B00FAB7D1 /* PYHCodeModel.m */; };
		EA7B2F432092BAE500FAB7D1 /* PYHModel.m in Sources */ = {isa = PBXBuildFile; fileRef = EA7B2F422092BAE500FAB7D1 /* PYHModel.m */; };
/* End PBXBuildFile section */

/* Begin PBXContainerItemProxy section */
		EA7B2F1F2092BA6A00FAB7D1 /* PBXContainerItemProxy */ = {
			isa = PBXContainerItemProxy;
			containerPortal = EA7B2EFE2092BA6A00FAB7D1 /* Project object */;
			proxyType = 1;
			remoteGlobalIDString = EA7B2F052092BA6A00FAB7D1;
			remoteInfo = PYHCodeTest;
		};
		EA7B2F2A2092BA6A00FAB7D1 /* PBXContainerItemProxy */ = {
			isa = PBXContainerItemProxy;
			containerPortal = EA7B2EFE2092BA6A00FAB7D1 /* Project object */;
			proxyType = 1;
			remoteGlobalIDString = EA7B2F052092BA6A00FAB7D1;
			remoteInfo = PYHCodeTest;
		};
/* End PBXContainerItemProxy section */

/* Begin PBXFileReference section */
		EA7B2F062092BA6A00FAB7D1 /* PYHCodeTest.app */ = {isa = PBXFileReference; explicitFileType = wrapper.application; includeInIndex = 0; path = PYHCodeTest.app; sourceTree = BUILT_PRODUCTS_DIR; };
		EA7B2F092092BA6A00FAB7D1 /* AppDelegate.h */ = {isa = PBXFileReference; lastKnownFileType = sourcecode.c.h; path = AppDelegate.h; sourceTree = "<group>"; };
		EA7B2F0A2092BA6A00FAB7D1 /* AppDelegate.m */ = {isa = PBXFileReference; lastKnownFileType = sourcecode.c.objc; path = AppDelegate.m; sourceTree = "<group>"; };
		EA7B2F0C2092BA6A00FAB7D1 /* ViewController.h */ = {isa = PBXFileReference; lastKnownFileType = sourcecode.c.h; path = ViewController.h; sourceTree = "<group>"; };
		EA7B2F0D2092BA6A00FAB7D1 /* ViewController.m */ = {isa = PBXFileReference; lastKnownFileType = sourcecode.c.objc; path = ViewController.m; sourceTree = "<group>"; };
		EA7B2F102092BA6A00FAB7D1 /* Base */ = {isa = PBXFileReference; lastKnownFileType = file.storyboard; name = Base; path = Base.lproj/Main.storyboard; sourceTree = "<group>"; };
		EA7B2F122092BA6A00FAB7D1 /* Assets.xcassets */ = {isa = PBXFileReference; lastKnownFileType = folder.assetcatalog; path = Assets.xcassets; sourceTree = "<group>"; };
		EA7B2F152092BA6A00FAB7D1 /* Base */ = {isa = PBXFileReference; lastKnownFileType = file.storyboard; name = Base; path = Base.lproj/LaunchScreen.storyboard; sourceTree = "<group>"; };
		EA7B2F172092BA6A00FAB7D1 /* Info.plist */ = {isa = PBXFileReference; lastKnownFileType = text.plist.xml; path = Info.plist; sourceTree = "<group>"; };
		EA7B2F182092BA6A00FAB7D1 /* main.m */ = {isa = PBXFileReference; lastKnownFileType = sourcecode.c.objc; path = main.m; sourceTree = "<group>"; };
		EA7B2F1E2092BA6A00FAB7D1 /* PYHCodeTestTests.xctest */ = {isa = PBXFileReference; explicitFileType = wrapper.cfbundle; includeInIndex = 0; path = PYHCodeTestTests.xctest; sourceTree = BUILT_PRODUCTS_DIR; };
		EA7B2F222092BA6A00FAB7D1 /* PYHCodeTestTests.m */ = {isa = PBXFileReference; lastKnownFileType = sourcecode.c.objc; path = PYHCodeTestTests.m; sourceTree = "<group>"; };
		EA7B2F242092BA6A00FAB7D1 /* Info.plist */ = {isa = PBXFileReference; lastKnownFileType = text.plist.xml; path = Info.plist; sourceTree = "<group>"; };
		EA7B2F292092BA6A00FAB7D1 /* PYHCodeTestUITests.xctest */ = {isa = PBXFileReference; explicitFileType = wrapper.cfbundle; includeInIndex = 0; path = PYHCodeTestUITests.xctest; sourceTree = BUILT_PRODUCTS_DIR; };
		EA7B2F2D2092BA6A00FAB7D1 /* PYHCodeTestUITests.m */ = {isa = PBXFileReference; lastKnownFileType = sourcecode.c.objc; path = PYHCodeTestUITests.m; sourceTree = "<group>"; };
		EA7B2F2F2092BA6A00FAB7D1 /* Info.plist */ = {isa = PBXFileReference; lastKnownFileType = text.plist.xml; path = Info.plist; sourceTree = "<group>"; };
		EA7B2F3B2092BA7B00FAB7D1 /* PYHCodeModel.h */ = {isa = PBXFileReference; lastKnownFileType = sourcecode.c.h; path = PYHCodeModel.h; sourceTree = "<group>"; };
		EA7B2F3C2092BA7B00FAB7D1 /* PYHCodeModel.m */ = {isa = PBXFileReference; lastKnownFileType = sourcecode.c.objc; path = PYHCodeModel.m; sourceTree = "<group>"; };
		EA7B2F412092BAE500FAB7D1 /* PYHModel.h */ = {isa = PBXFileReference; lastKnownFileType = sourcecode.c.h; path = PYHModel.h; sourceTree = "<group>"; };
		EA7B2F422092BAE500FAB7D1 /* PYHModel.m */ = {isa = PBXFileReference; lastKnownFileType = sourcecode.c.objc; path = PYHModel.m; sourceTree = "<group>"; };
/* End PBXFileReference section */

/* Begin PBXFrameworksBuildPhase section */
		EA7B2F032092BA6A00FAB7D1 /* Frameworks */ = {
			isa = PBXFrameworksBuildPhase;
			buildActionMask = 2147483647;
			files = (
			);
			runOnlyForDeploymentPostprocessing = 0;
		};
		EA7B2F1B2092BA6A00FAB7D1 /* Frameworks */ = {
			isa = PBXFrameworksBuildPhase;
			buildActionMask = 2147483647;
			files = (
			);
			runOnlyForDeploymentPostprocessing = 0;
		};
		EA7B2F262092BA6A00FAB7D1 /* Frameworks */ = {
			isa = PBXFrameworksBuildPhase;
			buildActionMask = 2147483647;
			files = (
			);
			runOnlyForDeploymentPostprocessing = 0;
		};
/* End PBXFrameworksBuildPhase section */

/* Begin PBXGroup section */
		EA7B2EFD2092BA6A00FAB7D1 = {
			isa = PBXGroup;
			children = (
				EA7B2F082092BA6A00FAB7D1 /* PYHCodeTest */,
				EA7B2F212092BA6A00FAB7D1 /* PYHCodeTestTests */,
				EA7B2F2C2092BA6A00FAB7D1 /* PYHCodeTestUITests */,
				EA7B2F072092BA6A00FAB7D1 /* Products */,
			);
			sourceTree = "<group>";
		};
		EA7B2F072092BA6A00FAB7D1 /* Products */ = {
			isa = PBXGroup;
			children = (
				EA7B2F062092BA6A00FAB7D1 /* PYHCodeTest.app */,
				EA7B2F1E2092BA6A00FAB7D1 /* PYHCodeTestTests.xctest */,
				EA7B2F292092BA6A00FAB7D1 /* PYHCodeTestUITests.xctest */,
			);
			name = Products;
			sourceTree = "<group>";
		};
		EA7B2F082092BA6A00FAB7D1 /* PYHCodeTest */ = {
			isa = PBXGroup;
			children = (
				EA7B2F3B2092BA7B00FAB7D1 /* PYHCodeModel.h */,
				EA7B2F3C2092BA7B00FAB7D1 /* PYHCodeModel.m */,
				EA7B2F412092BAE500FAB7D1 /* PYHModel.h */,
				EA7B2F422092BAE500FAB7D1 /* PYHModel.m */,
				EA7B2F092092BA6A00FAB7D1 /* AppDelegate.h */,
				EA7B2F0A2092BA6A00FAB7D1 /* AppDelegate.m */,
				EA7B2F0C2092BA6A00FAB7D1 /* ViewController.h */,
				EA7B2F0D2092BA6A00FAB7D1 /* ViewController.m */,
				EA7B2F0F2092BA6A00FAB7D1 /* Main.storyboard */,
				EA7B2F122092BA6A00FAB7D1 /* Assets.xcassets */,
				EA7B2F142092BA6A00FAB7D1 /* LaunchScreen.storyboard */,
				EA7B2F172092BA6A00FAB7D1 /* Info.plist */,
				EA7B2F182092BA6A00FAB7D1 /* main.m */,
			);
			path = PYHCodeTest;
			sourceTree = "<group>";
		};
		EA7B2F212092BA6A00FAB7D1 /* PYHCodeTestTests */ = {
			isa = PBXGroup;
			children = (
				EA7B2F222092BA6A00FAB7D1 /* PYHCodeTestTests.m */,
				EA7B2F242092BA6A00FAB7D1 /* Info.plist */,
			);
			path = PYHCodeTestTests;
			sourceTree = "<group>";
		};
		EA7B2F2C2092BA6A00FAB7D1 /* PYHCodeTestUITests */ = {
			isa = PBXGroup;
			children = (
				EA7B2F2D2092BA6A00FAB7D1 /* PYHCodeTestUITests.m */,
				EA7B2F2F2092BA6A00FAB7D1 /* Info.plist */,
			);
			path = PYHCodeTestUITests;
			sourceTree = "<group>";
		};
/* End PBXGroup section */

/* Begin PBXNativeTarget section */
		EA7B2F052092BA6A00FAB7D1 /* PYHCodeTest */ = {
			isa = PBXNativeTarget;
			buildConfigurationList = EA7B2F322092BA6A00FAB7D1 /* Build configuration list for PBXNativeTarget "PYHCodeTest" */;
			buildPhases = (
				EA7B2F022092BA6A00FAB7D1 /* Sources */,
				EA7B2F032092BA6A00FAB7D1 /* Frameworks */,
				EA7B2F042092BA6A00FAB7D1 /* Resources */,
			);
			buildRules = (
			);
			dependencies = (
			);
			name = PYHCodeTest;
			productName = PYHCodeTest;
			productReference = EA7B2F062092BA6A00FAB7D1 /* PYHCodeTest.app */;
			productType = "com.apple.product-type.application";
		};
		EA7B2F1D2092BA6A00FAB7D1 /* PYHCodeTestTests */ = {
			isa = PBXNativeTarget;
			buildConfigurationList = EA7B2F352092BA6A00FAB7D1 /* Build configuration list for PBXNativeTarget "PYHCodeTestTests" */;
			buildPhases = (
				EA7B2F1A2092BA6A00FAB7D1 /* Sources */,
				EA7B2F1B2092BA6A00FAB7D1 /* Frameworks */,
				EA7B2F1C2092BA6A00FAB7D1 /* Resources */,
			);
			buildRules = (
			);
			dependencies = (
				EA7B2F202092BA6A00FAB7D1 /* PBXTargetDependency */,
			);
			name = PYHCodeTestTests;
			productName = PYHCodeTestTests;
			productReference = EA7B2F1E2092BA6A00FAB7D1 /* PYHCodeTestTests.xctest */;
			productType = "com.apple.product-type.bundle.unit-test";
		};
		EA7B2F282092BA6A00FAB7D1 /* PYHCodeTestUITests */ = {
			isa = PBXNativeTarget;
			buildConfigurationList = EA7B2F382092BA6A00FAB7D1 /* Build configuration list for PBXNativeTarget "PYHCodeTestUITests" */;
			buildPhases = (
				EA7B2F252092BA6A00FAB7D1 /* Sources */,
				EA7B2F262092BA6A00FAB7D1 /* Frameworks */,
				EA7B2F272092BA6A00FAB7D1 /* Resources */,
			);
			buildRules = (
			);
			dependencies = (
				EA7B2F2B2092BA6A00FAB7D1 /* PBXTargetDependency */,
			);
			name = PYHCodeTestUITests;
			productName = PYHCodeTestUITests;
			productReference = EA7B2F292092BA6A00FAB7D1 /* PYHCodeTestUITests.xctest */;
			productType = "com.apple.product-type.bundle.ui-testing";
		};
/* End PBXNativeTarget section */

/* Begin PBXProject section */
		EA7B2EFE2092BA6A00FAB7D1 /* Project object */ = {
			isa = PBXProject;
			attributes = {
				LastUpgradeCheck = 0920;
				ORGANIZATIONNAME = HangzhouVongi;
				TargetAttributes = {
					EA7B2F052092BA6A00FAB7D1 = {
						CreatedOnToolsVersion = 9.2;
						ProvisioningStyle = Automatic;
					};
					EA7B2F1D2092BA6A00FAB7D1 = {
						CreatedOnToolsVersion = 9.2;
						ProvisioningStyle = Automatic;
						TestTargetID = EA7B2F052092BA6A00FAB7D1;
					};
					EA7B2F282092BA6A00FAB7D1 = {
						CreatedOnToolsVersion = 9.2;
						ProvisioningStyle = Automatic;
						TestTargetID = EA7B2F052092BA6A00FAB7D1;
					};
				};
			};
			buildConfigurationList = EA7B2F012092BA6A00FAB7D1 /* Build configuration list for PBXProject "PYHCodeTest" */;
			compatibilityVersion = "Xcode 8.0";
			developmentRegion = en;
			hasScannedForEncodings = 0;
			knownRegions = (
				en,
				Base,
			);
			mainGroup = EA7B2EFD2092BA6A00FAB7D1;
			productRefGroup = EA7B2F072092BA6A00FAB7D1 /* Products */;
			projectDirPath = "";
			projectRoot = "";
			targets = (
				EA7B2F052092BA6A00FAB7D1 /* PYHCodeTest */,
				EA7B2F1D2092BA6A00FAB7D1 /* PYHCodeTestTests */,
				EA7B2F282092BA6A00FAB7D1 /* PYHCodeTestUITests */,
			);
		};
/* End PBXProject section */

/* Begin PBXResourcesBuildPhase section */
		EA7B2F042092BA6A00FAB7D1 /* Resources */ = {
			isa = PBXResourcesBuildPhase;
			buildActionMask = 2147483647;
			files = (
				EA7B2F162092BA6A00FAB7D1 /* LaunchScreen.storyboard in Resources */,
				EA7B2F132092BA6A00FAB7D1 /* Assets.xcassets in Resources */,
				EA7B2F112092BA6A00FAB7D1 /* Main.storyboard in Resources */,
			);
			runOnlyForDeploymentPostprocessing = 0;
		};
		EA7B2F1C2092BA6A00FAB7D1 /* Resources */ = {
			isa = PBXResourcesBuildPhase;
			buildActionMask = 2147483647;
			files = (
			);
			runOnlyForDeploymentPostprocessing = 0;
		};
		EA7B2F272092BA6A00FAB7D1 /* Resources */ = {
			isa = PBXResourcesBuildPhase;
			buildActionMask = 2147483647;
			files = (
			);
			runOnlyForDeploymentPostprocessing = 0;
		};
/* End PBXResourcesBuildPhase section */

/* Begin PBXSourcesBuildPhase section */
		EA7B2F022092BA6A00FAB7D1 /* Sources */ = {
			isa = PBXSourcesBuildPhase;
			buildActionMask = 2147483647;
			files = (
				EA7B2F0E2092BA6A00FAB7D1 /* ViewController.m in Sources */,
				EA7B2F192092BA6A00FAB7D1 /* main.m in Sources */,
				EA7B2F432092BAE500FAB7D1 /* PYHModel.m in Sources */,
				EA7B2F3D2092BA7B00FAB7D1 /* PYHCodeModel.m in Sources */,
				EA7B2F0B2092BA6A00FAB7D1 /* AppDelegate.m in Sources */,
			);
			runOnlyForDeploymentPostprocessing = 0;
		};
		EA7B2F1A2092BA6A00FAB7D1 /* Sources */ = {
			isa = PBXSourcesBuildPhase;
			buildActionMask = 2147483647;
			files = (
				EA7B2F232092BA6A00FAB7D1 /* PYHCodeTestTests.m in Sources */,
			);
			runOnlyForDeploymentPostprocessing = 0;
		};
		EA7B2F252092BA6A00FAB7D1 /* Sources */ = {
			isa = PBXSourcesBuildPhase;
			buildActionMask = 2147483647;
			files = (
				EA7B2F2E2092BA6A00FAB7D1 /* PYHCodeTestUITests.m in Sources */,
			);
			runOnlyForDeploymentPostprocessing = 0;
		};
/* End PBXSourcesBuildPhase section */

/* Begin PBXTargetDependency section */
		EA7B2F202092BA6A00FAB7D1 /* PBXTargetDependency */ = {
			isa = PBXTargetDependency;
			target = EA7B2F052092BA6A00FAB7D1 /* PYHCodeTest */;
			targetProxy = EA7B2F1F2092BA6A00FAB7D1 /* PBXContainerItemProxy */;
		};
		EA7B2F2B2092BA6A00FAB7D1 /* PBXTargetDependency */ = {
			isa = PBXTargetDependency;
			target = EA7B2F052092BA6A00FAB7D1 /* PYHCodeTest */;
			targetProxy = EA7B2F2A2092BA6A00FAB7D1 /* PBXContainerItemProxy */;
		};
/* End PBXTargetDependency section */

/* Begin PBXVariantGroup section */
		EA7B2F0F2092BA6A00FAB7D1 /* Main.storyboard */ = {
			isa = PBXVariantGroup;
			children = (
				EA7B2F102092BA6A00FAB7D1 /* Base */,
			);
			name = Main.storyboard;
			sourceTree = "<group>";
		};
		EA7B2F142092BA6A00FAB7D1 /* LaunchScreen.storyboard */ = {
			isa = PBXVariantGroup;
			children = (
				EA7B2F152092BA6A00FAB7D1 /* Base */,
			);
			name = LaunchScreen.storyboard;
			sourceTree = "<group>";
		};
/* End PBXVariantGroup section */

/* Begin XCBuildConfiguration section */
		EA7B2F302092BA6A00FAB7D1 /* Debug */ = {
			isa = XCBuildConfiguration;
			buildSettings = {
				ALWAYS_SEARCH_USER_PATHS = NO;
				CLANG_ANALYZER_NONNULL = YES;
				CLANG_ANALYZER_NUMBER_OBJECT_CONVERSION = YES_AGGRESSIVE;
				CLANG_CXX_LANGUAGE_STANDARD = "gnu++14";
				CLANG_CXX_LIBRARY = "libc++";
				CLANG_ENABLE_MODULES = YES;
				CLANG_ENABLE_OBJC_ARC = YES;
				CLANG_WARN_BLOCK_CAPTURE_AUTORELEASING = YES;
				CLANG_WARN_BOOL_CONVERSION = YES;
				CLANG_WARN_COMMA = YES;
				CLANG_WARN_CONSTANT_CONVERSION = YES;
				CLANG_WARN_DIRECT_OBJC_ISA_USAGE = YES_ERROR;
				CLANG_WARN_DOCUMENTATION_COMMENTS = YES;
				CLANG_WARN_EMPTY_BODY = YES;
				CLANG_WARN_ENUM_CONVERSION = YES;
				CLANG_WARN_INFINITE_RECURSION = YES;
				CLANG_WARN_INT_CONVERSION = YES;
				CLANG_WARN_NON_LITERAL_NULL_CONVERSION = YES;
				CLANG_WARN_OBJC_LITERAL_CONVERSION = YES;
				CLANG_WARN_OBJC_ROOT_CLASS = YES_ERROR;
				CLANG_WARN_RANGE_LOOP_ANALYSIS = YES;
				CLANG_WARN_STRICT_PROTOTYPES = YES;
				CLANG_WARN_SUSPICIOUS_MOVE = YES;
				CLANG_WARN_UNGUARDED_AVAILABILITY = YES_AGGRESSIVE;
				CLANG_WARN_UNREACHABLE_CODE = YES;
				CLANG_WARN__DUPLICATE_METHOD_MATCH = YES;
				CODE_SIGN_IDENTITY = "iPhone Developer";
				COPY_PHASE_STRIP = NO;
				DEBUG_INFORMATION_FORMAT = dwarf;
				ENABLE_STRICT_OBJC_MSGSEND = YES;
				ENABLE_TESTABILITY = YES;
				GCC_C_LANGUAGE_STANDARD = gnu11;
				GCC_DYNAMIC_NO_PIC = NO;
				GCC_NO_COMMON_BLOCKS = YES;
				GCC_OPTIMIZATION_LEVEL = 0;
				GCC_PREPROCESSOR_DEFINITIONS = (
					"DEBUG=1",
					"$(inherited)",
				);
				GCC_WARN_64_TO_32_BIT_CONVERSION = YES;
				GCC_WARN_ABOUT_RETURN_TYPE = YES_ERROR;
				GCC_WARN_UNDECLARED_SELECTOR = YES;
				GCC_WARN_UNINITIALIZED_AUTOS = YES_AGGRESSIVE;
				GCC_WARN_UNUSED_FUNCTION = YES;
				GCC_WARN_UNUSED_VARIABLE = YES;
				IPHONEOS_DEPLOYMENT_TARGET = 11.2;
				MTL_ENABLE_DEBUG_INFO = YES;
				ONLY_ACTIVE_ARCH = YES;
				SDKROOT = iphoneos;
			};
			name = Debug;
		};
		EA7B2F312092BA6A00FAB7D1 /* Release */ = {
			isa = XCBuildConfiguration;
			buildSettings = {
				ALWAYS_SEARCH_USER_PATHS = NO;
				CLANG_ANALYZER_NONNULL = YES;
				CLANG_ANALYZER_NUMBER_OBJECT_CONVERSION = YES_AGGRESSIVE;
				CLANG_CXX_LANGUAGE_STANDARD = "gnu++14";
				CLANG_CXX_LIBRARY = "libc++";
				CLANG_ENABLE_MODULES = YES;
				CLANG_ENABLE_OBJC_ARC = YES;
				CLANG_WARN_BLOCK_CAPTURE_AUTORELEASING = YES;
				CLANG_WARN_BOOL_CONVERSION = YES;
				CLANG_WARN_COMMA = YES;
				CLANG_WARN_CONSTANT_CONVERSION = YES;
				CLANG_WARN_DIRECT_OBJC_ISA_USAGE = YES_ERROR;
				CLANG_WARN_DOCUMENTATION_COMMENTS = YES;
				CLANG_WARN_EMPTY_BODY = YES;
				CLANG_WARN_ENUM_CONVERSION = YES;
				CLANG_WARN_INFINITE_RECURSION = YES;
				CLANG_WARN_INT_CONVERSION = YES;
				CLANG_WARN_NON_LITERAL_NULL_CONVERSION = YES;
				CLANG_WARN_OBJC_LITERAL_CONVERSION = YES;
				CLANG_WARN_OBJC_ROOT_CLASS = YES_ERROR;
				CLANG_WARN_RANGE_LOOP_ANALYSIS = YES;
				CLANG_WARN_STRICT_PROTOTYPES = YES;
				CLANG_WARN_SUSPICIOUS_MOVE = YES;
				CLANG_WARN_UNGUARDED_AVAILABILITY = YES_AGGRESSIVE;
				CLANG_WARN_UNREACHABLE_CODE = YES;
				CLANG_WARN__DUPLICATE_METHOD_MATCH = YES;
				CODE_SIGN_IDENTITY = "iPhone Developer";
				COPY_PHASE_STRIP = NO;
				DEBUG_INFORMATION_FORMAT = "dwarf-with-dsym";
				ENABLE_NS_ASSERTIONS = NO;
				ENABLE_STRICT_OBJC_MSGSEND = YES;
				GCC_C_LANGUAGE_STANDARD = gnu11;
				GCC_NO_COMMON_BLOCKS = YES;
				GCC_WARN_64_TO_32_BIT_CONVERSION = YES;
				GCC_WARN_ABOUT_RETURN_TYPE = YES_ERROR;
				GCC_WARN_UNDECLARED_SELECTOR = YES;
				GCC_WARN_UNINITIALIZED_AUTOS = YES_AGGRESSIVE;
				GCC_WARN_UNUSED_FUNCTION = YES;
				GCC_WARN_UNUSED_VARIABLE = YES;
				IPHONEOS_DEPLOYMENT_TARGET = 11.2;
				MTL_ENABLE_DEBUG_INFO = NO;
				SDKROOT = iphoneos;
				VALIDATE_PRODUCT = YES;
			};
			name = Release;
		};
		EA7B2F332092BA6A00FAB7D1 /* Debug */ = {
			isa = XCBuildConfiguration;
			buildSettings = {
				ASSETCATALOG_COMPILER_APPICON_NAME = AppIcon;
				CODE_SIGN_STYLE = Automatic;
				INFOPLIST_FILE = PYHCodeTest/Info.plist;
				LD_RUNPATH_SEARCH_PATHS = "$(inherited) @executable_path/Frameworks";
				PRODUCT_BUNDLE_IDENTIFIER = com.vongihealth.PYHCodeTest;
				PRODUCT_NAME = "$(TARGET_NAME)";
				TARGETED_DEVICE_FAMILY = "1,2";
			};
			name = Debug;
		};
		EA7B2F342092BA6A00FAB7D1 /* Release */ = {
			isa = XCBuildConfiguration;
			buildSettings = {
				ASSETCATALOG_COMPILER_APPICON_NAME = AppIcon;
				CODE_SIGN_STYLE = Automatic;
				INFOPLIST_FILE = PYHCodeTest/Info.plist;
				LD_RUNPATH_SEARCH_PATHS = "$(inherited) @executable_path/Frameworks";
				PRODUCT_BUNDLE_IDENTIFIER = com.vongihealth.PYHCodeTest;
				PRODUCT_NAME = "$(TARGET_NAME)";
				TARGETED_DEVICE_FAMILY = "1,2";
			};
			name = Release;
		};
		EA7B2F362092BA6A00FAB7D1 /* Debug */ = {
			isa = XCBuildConfiguration;
			buildSettings = {
				BUNDLE_LOADER = "$(TEST_HOST)";
				CODE_SIGN_STYLE = Automatic;
				INFOPLIST_FILE = PYHCodeTestTests/Info.plist;
				LD_RUNPATH_SEARCH_PATHS = "$(inherited) @executable_path/Frameworks @loader_path/Frameworks";
				PRODUCT_BUNDLE_IDENTIFIER = com.vongihealth.PYHCodeTestTests;
				PRODUCT_NAME = "$(TARGET_NAME)";
				TARGETED_DEVICE_FAMILY = "1,2";
				TEST_HOST = "$(BUILT_PRODUCTS_DIR)/PYHCodeTest.app/PYHCodeTest";
			};
			name = Debug;
		};
		EA7B2F372092BA6A00FAB7D1 /* Release */ = {
			isa = XCBuildConfiguration;
			buildSettings = {
				BUNDLE_LOADER = "$(TEST_HOST)";
				CODE_SIGN_STYLE = Automatic;
				INFOPLIST_FILE = PYHCodeTestTests/Info.plist;
				LD_RUNPATH_SEARCH_PATHS = "$(inherited) @executable_path/Frameworks @loader_path/Frameworks";
				PRODUCT_BUNDLE_IDENTIFIER = com.vongihealth.PYHCodeTestTests;
				PRODUCT_NAME = "$(TARGET_NAME)";
				TARGETED_DEVICE_FAMILY = "1,2";
				TEST_HOST = "$(BUILT_PRODUCTS_DIR)/PYHCodeTest.app/PYHCodeTest";
			};
			name = Release;
		};
		EA7B2F392092BA6A00FAB7D1 /* Debug */ = {
			isa = XCBuildConfiguration;
			buildSettings = {
				CODE_SIGN_STYLE = Automatic;
				INFOPLIST_FILE = PYHCodeTestUITests/Info.plist;
				LD_RUNPATH_SEARCH_PATHS = "$(inherited) @executable_path/Frameworks @loader_path/Frameworks";
				PRODUCT_BUNDLE_IDENTIFIER = com.vongihealth.PYHCodeTestUITests;
				PRODUCT_NAME = "$(TARGET_NAME)";
				TARGETED_DEVICE_FAMILY = "1,2";
				TEST_TARGET_NAME = PYHCodeTest;
			};
			name = Debug;
		};
		EA7B2F3A2092BA6A00FAB7D1 /* Release */ = {
			isa = XCBuildConfiguration;
			buildSettings = {
				CODE_SIGN_STYLE = Automatic;
				INFOPLIST_FILE = PYHCodeTestUITests/Info.plist;
				LD_RUNPATH_SEARCH_PATHS = "$(inherited) @executable_path/Frameworks @loader_path/Frameworks";
				PRODUCT_BUNDLE_IDENTIFIER = com.vongihealth.PYHCodeTestUITests;
				PRODUCT_NAME = "$(TARGET_NAME)";
				TARGETED_DEVICE_FAMILY = "1,2";
				TEST_TARGET_NAME = PYHCodeTest;
			};
			name = Release;
		};
/* End XCBuildConfiguration section */

/* Begin XCConfigurationList section */
		EA7B2F012092BA6A00FAB7D1 /* Build configuration list for PBXProject "PYHCodeTest" */ = {
			isa = XCConfigurationList;
			buildConfigurations = (
				EA7B2F302092BA6A00FAB7D1 /* Debug */,
				EA7B2F312092BA6A00FAB7D1 /* Release */,
			);
			defaultConfigurationIsVisible = 0;
			defaultConfigurationName = Release;
		};
		EA7B2F322092BA6A00FAB7D1 /* Build configuration list for PBXNativeTarget "PYHCodeTest" */ = {
			isa = XCConfigurationList;
			buildConfigurations = (
				EA7B2F332092BA6A00FAB7D1 /* Debug */,
				EA7B2F342092BA6A00FAB7D1 /* Release */,
			);
			defaultConfigurationIsVisible = 0;
			defaultConfigurationName = Release;
		};
		EA7B2F352092BA6A00FAB7D1 /* Build configuration list for PBXNativeTarget "PYHCodeTestTests" */ = {
			isa = XCConfigurationList;
			buildConfigurations = (
				EA7B2F362092BA6A00FAB7D1 /* Debug */,
				EA7B2F372092BA6A00FAB7D1 /* Release */,
			);
			defaultConfigurationIsVisible = 0;
			defaultConfigurationName = Release;
		};
		EA7B2F382092BA6A00FAB7D1 /* Build configuration list for PBXNativeTarget "PYHCodeTestUITests" */ = {
			isa = XCConfigurationList;
			buildConfigurations = (
				EA7B2F392092BA6A00FAB7D1 /* Debug */,
				EA7B2F3A2092BA6A00FAB7D1 /* Release */,
			);
			defaultConfigurationIsVisible = 0;
			defaultConfigurationName = Release;
		};
/* End XCConfigurationList section */
	};
	rootObject = EA7B2EFE2092BA6A00FAB7D1 /* Project object */;
}
